
Microsoft Visual Studio Solution File, Format Version 12.00
# Visual Studio Version 16
VisualStudioVersion = 16.0.30907.101
MinimumVisualStudioVersion = 10.0.40219.1
Project("{9A19103F-16F7-4668-BE54-9A1E7A4F7556}") = "CarRental2.Api", "CarRental2.Api\CarRental2.Api.csproj", "{44C3F3EA-8533-4E84-BA1F-373B9821C3D8}"
EndProject
Project("{9A19103F-16F7-4668-BE54-9A1E7A4F7556}") = "CarRental2.Domain", "CarRental2.Domain\CarRental2.Domain.csproj", "{5E9C0625-3AB0-4002-AE87-E46634BEB36E}"
EndProject
Project("{FAE04EC0-301F-11D3-BF4B-00C04F79EFBC}") = "CarRental2.Service.Tests", "CarRental2.Service.Tests\CarRental2.Service.Tests.csproj", "{00846754-0010-4498-AD01-48B54928E572}"
EndProject
Project("{9A19103F-16F7-4668-BE54-9A1E7A4F7556}") = "CarRental2.Service", "CarRental2.Service\CarRental2.Service.csproj", "{961703A1-B85E-44AE-8181-5BDE0229893A}"
EndProject
Global
	GlobalSection(SolutionConfigurationPlatforms) = preSolution
		Debug|Any CPU = Debug|Any CPU
		Release|Any CPU = Release|Any CPU
	EndGlobalSection
	GlobalSection(ProjectConfigurationPlatforms) = postSolution
		{44C3F3EA-8533-4E84-BA1F-373B9821C3D8}.Debug|Any CPU.ActiveCfg = Debug|Any CPU
		{44C3F3EA-8533-4E84-BA1F-373B9821C3D8}.Debug|Any CPU.Build.0 = Debug|Any CPU
		{44C3F3EA-8533-4E84-BA1F-373B9821C3D8}.Release|Any CPU.ActiveCfg = Release|Any CPU
		{44C3F3EA-8533-4E84-BA1F-373B9821C3D8}.Release|Any CPU.Build.0 = Release|Any CPU
		{5E9C0625-3AB0-4002-AE87-E46634BEB36E}.Debug|Any CPU.ActiveCfg = Debug|Any CPU
		{5E9C0625-3AB0-4002-AE87-E46634BEB36E}.Debug|Any CPU.Build.0 = Debug|Any CPU
		{5E9C0625-3AB0-4002-AE87-E46634BEB36E}.Release|Any CPU.ActiveCfg = Release|Any CPU
		{5E9C0625-3AB0-4002-AE87-E46634BEB36E}.Release|Any CPU.Build.0 = Release|Any CPU
		{00846754-0010-4498-AD01-48B54928E572}.Debug|Any CPU.ActiveCfg = Debug|Any CPU
		{00846754-0010-4498-AD01-48B54928E572}.Debug|Any CPU.Build.0 = Debug|Any CPU
		{00846754-0010-4498-AD01-48B54928E572}.Release|Any CPU.ActiveCfg = Release|Any CPU
		{00846754-0010-4498-AD01-48B54928E572}.Release|Any CPU.Build.0 = Release|Any CPU
		{961703A1-B85E-44AE-8181-5BDE0229893A}.Debug|Any CPU.ActiveCfg = Debug|Any CPU
		{961703A1-B85E-44AE-8181-5BDE0229893A}.Debug|Any CPU.Build.0 = Debug|Any CPU
		{961703A1-B85E-44AE-8181-5BDE0229893A}.Release|Any CPU.ActiveCfg = Release|Any CPU
		{961703A1-B85E-44AE-8181-5BDE0229893A}.Release|Any CPU.Build.0 = Release|Any CPU
	EndGlobalSection
	GlobalSection(SolutionProperties) = preSolution
		HideSolutionNode = FALSE
	EndGlobalSection
	GlobalSection(ExtensibilityGlobals) = postSolution
		SolutionGuid = {1563CC56-2859-4415-99E7-B36DC1CE1AD2}
	EndGlobalSection
EndGlobal
